
Microsoft Visual Studio Solution File, Format Version 12.00
# Visual Studio Version 17
VisualStudioVersion = 17.0.31903.59
MinimumVisualStudioVersion = 10.0.40219.1
Project("{FAE04EC0-301F-11D3-BF4B-00C04F79EFBC}") = "ShapeLibrary", "ShapeLibrary\ShapeLibrary.csproj", "{F7C29D85-EBD9-45AE-AA6B-6F9B53F0302E}"
EndProject
Project("{FAE04EC0-301F-11D3-BF4B-00C04F79EFBC}") = "ShapeConsole", "ShapeConsole\ShapeConsole.csproj", "{28AFBAA8-92C0-455A-BB7E-959408F166DB}"
EndProject
Project("{FAE04EC0-301F-11D3-BF4B-00C04F79EFBC}") = "ShapeTests", "ShapeTests\ShapeTests.csproj", "{FAA0F9E4-B80D-4E13-AD18-B72F3E148726}"
EndProject
Global
	GlobalSection(SolutionConfigurationPlatforms) = preSolution
		Debug|Any CPU = Debug|Any CPU
		Release|Any CPU = Release|Any CPU
	EndGlobalSection
	GlobalSection(SolutionProperties) = preSolution
		HideSolutionNode = FALSE
	EndGlobalSection
	GlobalSection(ProjectConfigurationPlatforms) = postSolution
		{F7C29D85-EBD9-45AE-AA6B-6F9B53F0302E}.Debug|Any CPU.ActiveCfg = Debug|Any CPU
		{F7C29D85-EBD9-45AE-AA6B-6F9B53F0302E}.Debug|Any CPU.Build.0 = Debug|Any CPU
		{F7C29D85-EBD9-45AE-AA6B-6F9B53F0302E}.Release|Any CPU.ActiveCfg = Release|Any CPU
		{F7C29D85-EBD9-45AE-AA6B-6F9B53F0302E}.Release|Any CPU.Build.0 = Release|Any CPU
		{28AFBAA8-92C0-455A-BB7E-959408F166DB}.Debug|Any CPU.ActiveCfg = Debug|Any CPU
		{28AFBAA8-92C0-455A-BB7E-959408F166DB}.Debug|Any CPU.Build.0 = Debug|Any CPU
		{28AFBAA8-92C0-455A-BB7E-959408F166DB}.Release|Any CPU.ActiveCfg = Release|Any CPU
		{28AFBAA8-92C0-455A-BB7E-959408F166DB}.Release|Any CPU.Build.0 = Release|Any CPU
		{FAA0F9E4-B80D-4E13-AD18-B72F3E148726}.Debug|Any CPU.ActiveCfg = Debug|Any CPU
		{FAA0F9E4-B80D-4E13-AD18-B72F3E148726}.Debug|Any CPU.Build.0 = Debug|Any CPU
		{FAA0F9E4-B80D-4E13-AD18-B72F3E148726}.Release|Any CPU.ActiveCfg = Release|Any CPU
		{FAA0F9E4-B80D-4E13-AD18-B72F3E148726}.Release|Any CPU.Build.0 = Release|Any CPU
	EndGlobalSection
EndGlobal
